{
  "name": "outrealm",
  "version": "0.1.1",
  "lockfileVersion": 3,
  "requires": true,
  "packages": {
    "": {
      "name": "outrealm",
      "version": "0.1.1",
      "dependencies": {
        "seamless-interdomain-transition": "^0.1.1",
        "three": "^0.177.0"
      }
    },
    "node_modules/seamless-interdomain-transition": {
      "version": "0.1.1",
      "resolved": "https://registry.npmjs.org/seamless-interdomain-transition/-/seamless-interdomain-transition-0.1.1.tgz",
      "integrity": "sha512-ay3r5Cs4lt8rF3i8YvYQOp5fkRbmRr8IBF32aLF7Jf0cY6YENXpfzguxwFhi9K1X/uHEnxBWlFBwU7HrRMA89Q==",
      "license": "MIT"
    },
    "node_modules/three": {
      "version": "0.177.0",
      "resolved": "https://registry.npmjs.org/three/-/three-0.177.0.tgz",
      "integrity": "sha512-EiXv5/qWAaGI+Vz2A+JfavwYCMdGjxVsrn3oBwllUoqYeaBO75J63ZfyaQKoiLrqNHoTlUc6PFgMXnS0kI45zg==",
      "license": "MIT"
    }
  }
}
